{
  "name": "nome_modulo_2",
  "version": "1.0.0",
  "lockfileVersion": 3,
  "requires": true,
  "packages": {
    "": {
      "name": "nome_modulo_2",
      "version": "1.0.0",
      "license": "ISC",
      "dependencies": {
        "nome_modulo_1": "file:../nome_modulo_1"
      }
    },
    "../nome_modulo_1": {
      "version": "1.0.0",
      "license": "ISC"
    },
    "node_modules/nome_modulo_1": {
      "resolved": "../nome_modulo_1",
      "link": true
    }
  }
}
